
Microsoft Visual Studio Solution File, Format Version 12.00
# Visual Studio Version 17
VisualStudioVersion = 17.2.32630.192
MinimumVisualStudioVersion = 10.0.40219.1
Project("{9A19103F-16F7-4668-BE54-9A1E7A4F7556}") = "Entities", "Entities\Entities.csproj", "{EBD6A220-BDF7-46D5-A681-F4373FFEB9D2}"
EndProject
Project("{9A19103F-16F7-4668-BE54-9A1E7A4F7556}") = "DataAccess", "DataAccess\DataAccess.csproj", "{DD5F78FD-2544-4F17-B5EB-D28ADCED54D6}"
EndProject
Project("{9A19103F-16F7-4668-BE54-9A1E7A4F7556}") = "Business", "Business\Business.csproj", "{62728891-D7F0-4AB5-975F-19E7A336FB58}"
EndProject
Project("{9A19103F-16F7-4668-BE54-9A1E7A4F7556}") = "Core", "Core\Core.csproj", "{97439F48-2484-4B29-8E7C-0E3911735174}"
EndProject
Project("{9A19103F-16F7-4668-BE54-9A1E7A4F7556}") = "ConsoleUI", "ConsoleUI\ConsoleUI.csproj", "{9CD09A12-36FF-4EA5-AF97-E0B20E082227}"
EndProject
Project("{FAE04EC0-301F-11D3-BF4B-00C04F79EFBC}") = "WebAPI", "WebAPI\WebAPI.csproj", "{88BB7C09-EC2F-4514-B22F-739F8B892F42}"
EndProject
Global
	GlobalSection(SolutionConfigurationPlatforms) = preSolution
		Debug|Any CPU = Debug|Any CPU
		Release|Any CPU = Release|Any CPU
	EndGlobalSection
	GlobalSection(ProjectConfigurationPlatforms) = postSolution
		{EBD6A220-BDF7-46D5-A681-F4373FFEB9D2}.Debug|Any CPU.ActiveCfg = Debug|Any CPU
		{EBD6A220-BDF7-46D5-A681-F4373FFEB9D2}.Debug|Any CPU.Build.0 = Debug|Any CPU
		{EBD6A220-BDF7-46D5-A681-F4373FFEB9D2}.Release|Any CPU.ActiveCfg = Release|Any CPU
		{EBD6A220-BDF7-46D5-A681-F4373FFEB9D2}.Release|Any CPU.Build.0 = Release|Any CPU
		{DD5F78FD-2544-4F17-B5EB-D28ADCED54D6}.Debug|Any CPU.ActiveCfg = Debug|Any CPU
		{DD5F78FD-2544-4F17-B5EB-D28ADCED54D6}.Debug|Any CPU.Build.0 = Debug|Any CPU
		{DD5F78FD-2544-4F17-B5EB-D28ADCED54D6}.Release|Any CPU.ActiveCfg = Release|Any CPU
		{DD5F78FD-2544-4F17-B5EB-D28ADCED54D6}.Release|Any CPU.Build.0 = Release|Any CPU
		{62728891-D7F0-4AB5-975F-19E7A336FB58}.Debug|Any CPU.ActiveCfg = Debug|Any CPU
		{62728891-D7F0-4AB5-975F-19E7A336FB58}.Debug|Any CPU.Build.0 = Debug|Any CPU
		{62728891-D7F0-4AB5-975F-19E7A336FB58}.Release|Any CPU.ActiveCfg = Release|Any CPU
		{62728891-D7F0-4AB5-975F-19E7A336FB58}.Release|Any CPU.Build.0 = Release|Any CPU
		{97439F48-2484-4B29-8E7C-0E3911735174}.Debug|Any CPU.ActiveCfg = Debug|Any CPU
		{97439F48-2484-4B29-8E7C-0E3911735174}.Debug|Any CPU.Build.0 = Debug|Any CPU
		{97439F48-2484-4B29-8E7C-0E3911735174}.Release|Any CPU.ActiveCfg = Release|Any CPU
		{97439F48-2484-4B29-8E7C-0E3911735174}.Release|Any CPU.Build.0 = Release|Any CPU
		{9CD09A12-36FF-4EA5-AF97-E0B20E082227}.Debug|Any CPU.ActiveCfg = Debug|Any CPU
		{9CD09A12-36FF-4EA5-AF97-E0B20E082227}.Debug|Any CPU.Build.0 = Debug|Any CPU
		{9CD09A12-36FF-4EA5-AF97-E0B20E082227}.Release|Any CPU.ActiveCfg = Release|Any CPU
		{9CD09A12-36FF-4EA5-AF97-E0B20E082227}.Release|Any CPU.Build.0 = Release|Any CPU
		{88BB7C09-EC2F-4514-B22F-739F8B892F42}.Debug|Any CPU.ActiveCfg = Debug|Any CPU
		{88BB7C09-EC2F-4514-B22F-739F8B892F42}.Debug|Any CPU.Build.0 = Debug|Any CPU
		{88BB7C09-EC2F-4514-B22F-739F8B892F42}.Release|Any CPU.ActiveCfg = Release|Any CPU
		{88BB7C09-EC2F-4514-B22F-739F8B892F42}.Release|Any CPU.Build.0 = Release|Any CPU
	EndGlobalSection
	GlobalSection(SolutionProperties) = preSolution
		HideSolutionNode = FALSE
	EndGlobalSection
	GlobalSection(ExtensibilityGlobals) = postSolution
		SolutionGuid = {C6366459-236B-4052-BA40-EE2A612DC664}
	EndGlobalSection
EndGlobal
